
Microsoft Visual Studio Solution File, Format Version 12.00
# Visual Studio 15
VisualStudioVersion = 15.0.28307.421
MinimumVisualStudioVersion = 10.0.40219.1
Project("{FAE04EC0-301F-11D3-BF4B-00C04F79EFBC}") = "JurassicWEB", "JurassicWEB\JurassicWEB.csproj", "{A5297A72-2CEA-44C0-BAE2-0BBEAF843E30}"
EndProject
Global
	GlobalSection(SolutionConfigurationPlatforms) = preSolution
		Debug|Any CPU = Debug|Any CPU
		Release|Any CPU = Release|Any CPU
	EndGlobalSection
	GlobalSection(ProjectConfigurationPlatforms) = postSolution
		{A5297A72-2CEA-44C0-BAE2-0BBEAF843E30}.Debug|Any CPU.ActiveCfg = Debug|Any CPU
		{A5297A72-2CEA-44C0-BAE2-0BBEAF843E30}.Debug|Any CPU.Build.0 = Debug|Any CPU
		{A5297A72-2CEA-44C0-BAE2-0BBEAF843E30}.Release|Any CPU.ActiveCfg = Release|Any CPU
		{A5297A72-2CEA-44C0-BAE2-0BBEAF843E30}.Release|Any CPU.Build.0 = Release|Any CPU
	EndGlobalSection
	GlobalSection(SolutionProperties) = preSolution
		HideSolutionNode = FALSE
	EndGlobalSection
	GlobalSection(ExtensibilityGlobals) = postSolution
		SolutionGuid = {6CF6EB6D-E81A-4164-B532-1B052872AB69}
	EndGlobalSection
EndGlobal
